// !$*UTF8*$!
{
	archiveVersion = 1;
	classes = {
	};
	objectVersion = 48;
	objects = {

/* Begin PBXBuildFile section */
		704FF86420037D0600395574 /* AppDelegate.swift in Sources */ = {isa = PBXBuildFile; fileRef = 704FF86320037D0600395574 /* AppDelegate.swift */; };
		704FF86620037D0600395574 /* ViewController.swift in Sources */ = {isa = PBXBuildFile; fileRef = 704FF86520037D0600395574 /* ViewController.swift */; };
		704FF86920037D0600395574 /* Main.storyboard in Resources */ = {isa = PBXBuildFile; fileRef = 704FF86720037D0600395574 /* Main.storyboard */; };
		704FF86B20037D0600395574 /* Assets.xcassets in Resources */ = {isa = PBXBuildFile; fileRef = 704FF86A20037D0600395574 /* Assets.xcassets */; };
		704FF86E20037D0600395574 /* LaunchScreen.storyboard in Resources */ = {isa = PBXBuildFile; fileRef = 704FF86C20037D0600395574 /* LaunchScreen.storyboard */; };
		704FF87820038C7900395574 /* MyAnnotation.swift in Sources */ = {isa = PBXBuildFile; fileRef = 704FF87720038C7900395574 /* MyAnnotation.swift */; };
		704FF87B20038C8800395574 /* customDes.xib in Resources */ = {isa = PBXBuildFile; fileRef = 704FF87920038C8800395574 /* customDes.xib */; };
		704FF87C20038C8800395574 /* customDesOut.swift in Sources */ = {isa = PBXBuildFile; fileRef = 704FF87A20038C8800395574 /* customDesOut.swift */; };
		704FF87E20038E4800395574 /* directMarker.png in Resources */ = {isa = PBXBuildFile; fileRef = 704FF87D20038E4800395574 /* directMarker.png */; };
		704FF8812003988200395574 /* directMarker2.png in Resources */ = {isa = PBXBuildFile; fileRef = 704FF8802003988200395574 /* directMarker2.png */; };
		704FF88320039B6A00395574 /* directMarker3.png in Resources */ = {isa = PBXBuildFile; fileRef = 704FF88220039B6A00395574 /* directMarker3.png */; };
/* End PBXBuildFile section */

/* Begin PBXFileReference section */
		704FF86020037D0600395574 /* maowww.app */ = {isa = PBXFileReference; explicitFileType = wrapper.application; includeInIndex = 0; path = maowww.app; sourceTree = BUILT_PRODUCTS_DIR; };
		704FF86320037D0600395574 /* AppDelegate.swift */ = {isa = PBXFileReference; lastKnownFileType = sourcecode.swift; path = AppDelegate.swift; sourceTree = "<group>"; };
		704FF86520037D0600395574 /* ViewController.swift */ = {isa = PBXFileReference; lastKnownFileType = sourcecode.swift; path = ViewController.swift; sourceTree = "<group>"; };
		704FF86820037D0600395574 /* Base */ = {isa = PBXFileReference; lastKnownFileType = file.storyboard; name = Base; path = Base.lproj/Main.storyboard; sourceTree = "<group>"; };
		704FF86A20037D0600395574 /* Assets.xcassets */ = {isa = PBXFileReference; lastKnownFileType = folder.assetcatalog; path = Assets.xcassets; sourceTree = "<group>"; };
		704FF86D20037D0600395574 /* Base */ = {isa = PBXFileReference; lastKnownFileType = file.storyboard; name = Base; path = Base.lproj/LaunchScreen.storyboard; sourceTree = "<group>"; };
		704FF86F20037D0600395574 /* Info.plist */ = {isa = PBXFileReference; lastKnownFileType = text.plist.xml; path = Info.plist; sourceTree = "<group>"; };
		704FF87620037D9D00395574 /* MapKit.framework */ = {isa = PBXFileReference; lastKnownFileType = wrapper.framework; name = MapKit.framework; path = System/Library/Frameworks/MapKit.framework; sourceTree = SDKROOT; };
		704FF87720038C7900395574 /* MyAnnotation.swift */ = {isa = PBXFileReference; fileEncoding = 4; lastKnownFileType = sourcecode.swift; path = MyAnnotation.swift; sourceTree = "<group>"; };
		704FF87920038C8800395574 /* customDes.xib */ = {isa = PBXFileReference; fileEncoding = 4; lastKnownFileType = file.xib; path = customDes.xib; sourceTree = "<group>"; };
		704FF87A20038C8800395574 /* customDesOut.swift */ = {isa = PBXFileReference; fileEncoding = 4; lastKnownFileType = sourcecode.swift; path = customDesOut.swift; sourceTree = "<group>"; };
		704FF87D20038E4800395574 /* directMarker.png */ = {isa = PBXFileReference; lastKnownFileType = image.png; path = directMarker.png; sourceTree = "<group>"; };
		704FF87F20038EF500395574 /* CoreLocation.framework */ = {isa = PBXFileReference; lastKnownFileType = wrapper.framework; name = CoreLocation.framework; path = System/Library/Frameworks/CoreLocation.framework; sourceTree = SDKROOT; };
		704FF8802003988200395574 /* directMarker2.png */ = {isa = PBXFileReference; lastKnownFileType = image.png; path = directMarker2.png; sourceTree = "<group>"; };
		704FF88220039B6A00395574 /* directMarker3.png */ = {isa = PBXFileReference; lastKnownFileType = image.png; path = directMarker3.png; sourceTree = "<group>"; };
/* End PBXFileReference section */

/* Begin PBXFrameworksBuildPhase section */
		704FF85D20037D0600395574 /* Frameworks */ = {
			isa = PBXFrameworksBuildPhase;
			buildActionMask = 2147483647;
			files = (
			);
			runOnlyForDeploymentPostprocessing = 0;
		};
/* End PBXFrameworksBuildPhase section */

/* Begin PBXGroup section */
		704FF85720037D0600395574 = {
			isa = PBXGroup;
			children = (
				704FF86220037D0600395574 /* maowww */,
				704FF86120037D0600395574 /* Products */,
				704FF87520037D9C00395574 /* Frameworks */,
			);
			sourceTree = "<group>";
		};
		704FF86120037D0600395574 /* Products */ = {
			isa = PBXGroup;
			children = (
				704FF86020037D0600395574 /* maowww.app */,
			);
			name = Products;
			sourceTree = "<group>";
		};
		704FF86220037D0600395574 /* maowww */ = {
			isa = PBXGroup;
			children = (
				704FF86320037D0600395574 /* AppDelegate.swift */,
				704FF87720038C7900395574 /* MyAnnotation.swift */,
				704FF87D20038E4800395574 /* directMarker.png */,
				704FF86520037D0600395574 /* ViewController.swift */,
				704FF8802003988200395574 /* directMarker2.png */,
				704FF88220039B6A00395574 /* directMarker3.png */,
				704FF87920038C8800395574 /* customDes.xib */,
				704FF87A20038C8800395574 /* customDesOut.swift */,
				704FF86720037D0600395574 /* Main.storyboard */,
				704FF86A20037D0600395574 /* Assets.xcassets */,
				704FF86C20037D0600395574 /* LaunchScreen.storyboard */,
				704FF86F20037D0600395574 /* Info.plist */,
			);
			path = maowww;
			sourceTree = "<group>";
		};
		704FF87520037D9C00395574 /* Frameworks */ = {
			isa = PBXGroup;
			children = (
				704FF87F20038EF500395574 /* CoreLocation.framework */,
				704FF87620037D9D00395574 /* MapKit.framework */,
			);
			name = Frameworks;
			sourceTree = "<group>";
		};
/* End PBXGroup section */

/* Begin PBXNativeTarget section */
		704FF85F20037D0600395574 /* maowww */ = {
			isa = PBXNativeTarget;
			buildConfigurationList = 704FF87220037D0600395574 /* Build configuration list for PBXNativeTarget "maowww" */;
			buildPhases = (
				704FF85C20037D0600395574 /* Sources */,
				704FF85D20037D0600395574 /* Frameworks */,
				704FF85E20037D0600395574 /* Resources */,
			);
			buildRules = (
			);
			dependencies = (
			);
			name = maowww;
			productName = maowww;
			productReference = 704FF86020037D0600395574 /* maowww.app */;
			productType = "com.apple.product-type.application";
		};
/* End PBXNativeTarget section */

/* Begin PBXProject section */
		704FF85820037D0600395574 /* Project object */ = {
			isa = PBXProject;
			attributes = {
				LastSwiftUpdateCheck = 0910;
				LastUpgradeCheck = 0910;
				ORGANIZATIONNAME = com.najeeb;
				TargetAttributes = {
					704FF85F20037D0600395574 = {
						CreatedOnToolsVersion = 9.1;
						ProvisioningStyle = Automatic;
					};
				};
			};
			buildConfigurationList = 704FF85B20037D0600395574 /* Build configuration list for PBXProject "customPinAnnotationButton" */;
			compatibilityVersion = "Xcode 8.0";
			developmentRegion = en;
			hasScannedForEncodings = 0;
			knownRegions = (
				en,
				Base,
			);
			mainGroup = 704FF85720037D0600395574;
			productRefGroup = 704FF86120037D0600395574 /* Products */;
			projectDirPath = "";
			projectRoot = "";
			targets = (
				704FF85F20037D0600395574 /* maowww */,
			);
		};
/* End PBXProject section */

/* Begin PBXResourcesBuildPhase section */
		704FF85E20037D0600395574 /* Resources */ = {
			isa = PBXResourcesBuildPhase;
			buildActionMask = 2147483647;
			files = (
				704FF86E20037D0600395574 /* LaunchScreen.storyboard in Resources */,
				704FF8812003988200395574 /* directMarker2.png in Resources */,
				704FF87B20038C8800395574 /* customDes.xib in Resources */,
				704FF86B20037D0600395574 /* Assets.xcassets in Resources */,
				704FF88320039B6A00395574 /* directMarker3.png in Resources */,
				704FF87E20038E4800395574 /* directMarker.png in Resources */,
				704FF86920037D0600395574 /* Main.storyboard in Resources */,
			);
			runOnlyForDeploymentPostprocessing = 0;
		};
/* End PBXResourcesBuildPhase section */

/* Begin PBXSourcesBuildPhase section */
		704FF85C20037D0600395574 /* Sources */ = {
			isa = PBXSourcesBuildPhase;
			buildActionMask = 2147483647;
			files = (
				704FF87C20038C8800395574 /* customDesOut.swift in Sources */,
				704FF86620037D0600395574 /* ViewController.swift in Sources */,
				704FF86420037D0600395574 /* AppDelegate.swift in Sources */,
				704FF87820038C7900395574 /* MyAnnotation.swift in Sources */,
			);
			runOnlyForDeploymentPostprocessing = 0;
		};
/* End PBXSourcesBuildPhase section */

/* Begin PBXVariantGroup section */
		704FF86720037D0600395574 /* Main.storyboard */ = {
			isa = PBXVariantGroup;
			children = (
				704FF86820037D0600395574 /* Base */,
			);
			name = Main.storyboard;
			sourceTree = "<group>";
		};
		704FF86C20037D0600395574 /* LaunchScreen.storyboard */ = {
			isa = PBXVariantGroup;
			children = (
				704FF86D20037D0600395574 /* Base */,
			);
			name = LaunchScreen.storyboard;
			sourceTree = "<group>";
		};
/* End PBXVariantGroup section */

/* Begin XCBuildConfiguration section */
		704FF87020037D0600395574 /* Debug */ = {
			isa = XCBuildConfiguration;
			buildSettings = {
				ALWAYS_SEARCH_USER_PATHS = NO;
				CLANG_ANALYZER_NONNULL = YES;
				CLANG_ANALYZER_NUMBER_OBJECT_CONVERSION = YES_AGGRESSIVE;
				CLANG_CXX_LANGUAGE_STANDARD = "gnu++14";
				CLANG_CXX_LIBRARY = "libc++";
				CLANG_ENABLE_MODULES = YES;
				CLANG_ENABLE_OBJC_ARC = YES;
				CLANG_WARN_BLOCK_CAPTURE_AUTORELEASING = YES;
				CLANG_WARN_BOOL_CONVERSION = YES;
				CLANG_WARN_COMMA = YES;
				CLANG_WARN_CONSTANT_CONVERSION = YES;
				CLANG_WARN_DIRECT_OBJC_ISA_USAGE = YES_ERROR;
				CLANG_WARN_DOCUMENTATION_COMMENTS = YES;
				CLANG_WARN_EMPTY_BODY = YES;
				CLANG_WARN_ENUM_CONVERSION = YES;
				CLANG_WARN_INFINITE_RECURSION = YES;
				CLANG_WARN_INT_CONVERSION = YES;
				CLANG_WARN_NON_LITERAL_NULL_CONVERSION = YES;
				CLANG_WARN_OBJC_LITERAL_CONVERSION = YES;
				CLANG_WARN_OBJC_ROOT_CLASS = YES_ERROR;
				CLANG_WARN_RANGE_LOOP_ANALYSIS = YES;
				CLANG_WARN_STRICT_PROTOTYPES = YES;
				CLANG_WARN_SUSPICIOUS_MOVE = YES;
				CLANG_WARN_UNGUARDED_AVAILABILITY = YES_AGGRESSIVE;
				CLANG_WARN_UNREACHABLE_CODE = YES;
				CLANG_WARN__DUPLICATE_METHOD_MATCH = YES;
				CODE_SIGN_IDENTITY = "iPhone Developer";
				COPY_PHASE_STRIP = NO;
				DEBUG_INFORMATION_FORMAT = dwarf;
				ENABLE_STRICT_OBJC_MSGSEND = YES;
				ENABLE_TESTABILITY = YES;
				GCC_C_LANGUAGE_STANDARD = gnu11;
				GCC_DYNAMIC_NO_PIC = NO;
				GCC_NO_COMMON_BLOCKS = YES;
				GCC_OPTIMIZATION_LEVEL = 0;
				GCC_PREPROCESSOR_DEFINITIONS = (
					"DEBUG=1",
					"$(inherited)",
				);
				GCC_WARN_64_TO_32_BIT_CONVERSION = YES;
				GCC_WARN_ABOUT_RETURN_TYPE = YES_ERROR;
				GCC_WARN_UNDECLARED_SELECTOR = YES;
				GCC_WARN_UNINITIALIZED_AUTOS = YES_AGGRESSIVE;
				GCC_WARN_UNUSED_FUNCTION = YES;
				GCC_WARN_UNUSED_VARIABLE = YES;
				IPHONEOS_DEPLOYMENT_TARGET = 11.1;
				MTL_ENABLE_DEBUG_INFO = YES;
				ONLY_ACTIVE_ARCH = YES;
				SDKROOT = iphoneos;
				SWIFT_ACTIVE_COMPILATION_CONDITIONS = DEBUG;
				SWIFT_OPTIMIZATION_LEVEL = "-Onone";
			};
			name = Debug;
		};
		704FF87120037D0600395574 /* Release */ = {
			isa = XCBuildConfiguration;
			buildSettings = {
				ALWAYS_SEARCH_USER_PATHS = NO;
				CLANG_ANALYZER_NONNULL = YES;
				CLANG_ANALYZER_NUMBER_OBJECT_CONVERSION = YES_AGGRESSIVE;
				CLANG_CXX_LANGUAGE_STANDARD = "gnu++14";
				CLANG_CXX_LIBRARY = "libc++";
				CLANG_ENABLE_MODULES = YES;
				CLANG_ENABLE_OBJC_ARC = YES;
				CLANG_WARN_BLOCK_CAPTURE_AUTORELEASING = YES;
				CLANG_WARN_BOOL_CONVERSION = YES;
				CLANG_WARN_COMMA = YES;
				CLANG_WARN_CONSTANT_CONVERSION = YES;
				CLANG_WARN_DIRECT_OBJC_ISA_USAGE = YES_ERROR;
				CLANG_WARN_DOCUMENTATION_COMMENTS = YES;
				CLANG_WARN_EMPTY_BODY = YES;
				CLANG_WARN_ENUM_CONVERSION = YES;
				CLANG_WARN_INFINITE_RECURSION = YES;
				CLANG_WARN_INT_CONVERSION = YES;
				CLANG_WARN_NON_LITERAL_NULL_CONVERSION = YES;
				CLANG_WARN_OBJC_LITERAL_CONVERSION = YES;
				CLANG_WARN_OBJC_ROOT_CLASS = YES_ERROR;
				CLANG_WARN_RANGE_LOOP_ANALYSIS = YES;
				CLANG_WARN_STRICT_PROTOTYPES = YES;
				CLANG_WARN_SUSPICIOUS_MOVE = YES;
				CLANG_WARN_UNGUARDED_AVAILABILITY = YES_AGGRESSIVE;
				CLANG_WARN_UNREACHABLE_CODE = YES;
				CLANG_WARN__DUPLICATE_METHOD_MATCH = YES;
				CODE_SIGN_IDENTITY = "iPhone Developer";
				COPY_PHASE_STRIP = NO;
				DEBUG_INFORMATION_FORMAT = "dwarf-with-dsym";
				ENABLE_NS_ASSERTIONS = NO;
				ENABLE_STRICT_OBJC_MSGSEND = YES;
				GCC_C_LANGUAGE_STANDARD = gnu11;
				GCC_NO_COMMON_BLOCKS = YES;
				GCC_WARN_64_TO_32_BIT_CONVERSION = YES;
				GCC_WARN_ABOUT_RETURN_TYPE = YES_ERROR;
				GCC_WARN_UNDECLARED_SELECTOR = YES;
				GCC_WARN_UNINITIALIZED_AUTOS = YES_AGGRESSIVE;
				GCC_WARN_UNUSED_FUNCTION = YES;
				GCC_WARN_UNUSED_VARIABLE = YES;
				IPHONEOS_DEPLOYMENT_TARGET = 11.1;
				MTL_ENABLE_DEBUG_INFO = NO;
				SDKROOT = iphoneos;
				SWIFT_OPTIMIZATION_LEVEL = "-Owholemodule";
				VALIDATE_PRODUCT = YES;
			};
			name = Release;
		};
		704FF87320037D0600395574 /* Debug */ = {
			isa = XCBuildConfiguration;
			buildSettings = {
				ASSETCATALOG_COMPILER_APPICON_NAME = AppIcon;
				CODE_SIGN_STYLE = Automatic;
				INFOPLIST_FILE = maowww/Info.plist;
				LD_RUNPATH_SEARCH_PATHS = "$(inherited) @executable_path/Frameworks";
				PRODUCT_BUNDLE_IDENTIFIER = dev.maowww;
				PRODUCT_NAME = "$(TARGET_NAME)";
				SWIFT_VERSION = 4.0;
				TARGETED_DEVICE_FAMILY = "1,2";
			};
			name = Debug;
		};
		704FF87420037D0600395574 /* Release */ = {
			isa = XCBuildConfiguration;
			buildSettings = {
				ASSETCATALOG_COMPILER_APPICON_NAME = AppIcon;
				CODE_SIGN_STYLE = Automatic;
				INFOPLIST_FILE = maowww/Info.plist;
				LD_RUNPATH_SEARCH_PATHS = "$(inherited) @executable_path/Frameworks";
				PRODUCT_BUNDLE_IDENTIFIER = dev.maowww;
				PRODUCT_NAME = "$(TARGET_NAME)";
				SWIFT_VERSION = 4.0;
				TARGETED_DEVICE_FAMILY = "1,2";
			};
			name = Release;
		};
/* End XCBuildConfiguration section */

/* Begin XCConfigurationList section */
		704FF85B20037D0600395574 /* Build configuration list for PBXProject "customPinAnnotationButton" */ = {
			isa = XCConfigurationList;
			buildConfigurations = (
				704FF87020037D0600395574 /* Debug */,
				704FF87120037D0600395574 /* Release */,
			);
			defaultConfigurationIsVisible = 0;
			defaultConfigurationName = Release;
		};
		704FF87220037D0600395574 /* Build configuration list for PBXNativeTarget "maowww" */ = {
			isa = XCConfigurationList;
			buildConfigurations = (
				704FF87320037D0600395574 /* Debug */,
				704FF87420037D0600395574 /* Release */,
			);
			defaultConfigurationIsVisible = 0;
			defaultConfigurationName = Release;
		};
/* End XCConfigurationList section */
	};
	rootObject = 704FF85820037D0600395574 /* Project object */;
}
